
Microsoft Visual Studio Solution File, Format Version 12.00
# Visual Studio Version 16
VisualStudioVersion = 16.0.30204.135
MinimumVisualStudioVersion = 10.0.40219.1
Project("{FAE04EC0-301F-11D3-BF4B-00C04F79EFBC}") = "KlausurVorbereitung", "KlausurVorbereitung\KlausurVorbereitung.csproj", "{DDCA38DB-FC1C-49D2-A00E-D62207360F37}"
EndProject
Global
	GlobalSection(SolutionConfigurationPlatforms) = preSolution
		Debug|Any CPU = Debug|Any CPU
		Release|Any CPU = Release|Any CPU
	EndGlobalSection
	GlobalSection(ProjectConfigurationPlatforms) = postSolution
		{DDCA38DB-FC1C-49D2-A00E-D62207360F37}.Debug|Any CPU.ActiveCfg = Debug|Any CPU
		{DDCA38DB-FC1C-49D2-A00E-D62207360F37}.Debug|Any CPU.Build.0 = Debug|Any CPU
		{DDCA38DB-FC1C-49D2-A00E-D62207360F37}.Release|Any CPU.ActiveCfg = Release|Any CPU
		{DDCA38DB-FC1C-49D2-A00E-D62207360F37}.Release|Any CPU.Build.0 = Release|Any CPU
	EndGlobalSection
	GlobalSection(SolutionProperties) = preSolution
		HideSolutionNode = FALSE
	EndGlobalSection
	GlobalSection(ExtensibilityGlobals) = postSolution
		SolutionGuid = {BEF9925A-63B8-45F4-8CD7-02E6BF46CD33}
	EndGlobalSection
EndGlobal
